// !$*UTF8*$!
{
	archiveVersion = 1;
	classes = {
	};
	objectVersion = 56;
	objects = {

/* Begin PBXBuildFile section */
		EB48CF412A53594100C683A8 /* NewScrumSheet.swift in Sources */ = {isa = PBXBuildFile; fileRef = EB48CF402A53594100C683A8 /* NewScrumSheet.swift */; };
		EB48CF432A535C6600C683A8 /* History.swift in Sources */ = {isa = PBXBuildFile; fileRef = EB48CF422A535C6600C683A8 /* History.swift */; };
		EB6052012A4D056B0002909B /* ScrumsView.swift in Sources */ = {isa = PBXBuildFile; fileRef = EB6052002A4D056B0002909B /* ScrumsView.swift */; };
		EB7D93C82A533E65002AAD11 /* ScrumProgressViewStyle.swift in Sources */ = {isa = PBXBuildFile; fileRef = EB7D93C72A533E65002AAD11 /* ScrumProgressViewStyle.swift */; };
		EB7D93CA2A533E8D002AAD11 /* ScrumTimer.swift in Sources */ = {isa = PBXBuildFile; fileRef = EB7D93C92A533E8D002AAD11 /* ScrumTimer.swift */; };
		EB7D93CC2A533EA4002AAD11 /* AVPlayer+Ding.swift in Sources */ = {isa = PBXBuildFile; fileRef = EB7D93CB2A533EA4002AAD11 /* AVPlayer+Ding.swift */; };
		EB7D93CE2A5340C0002AAD11 /* MeetingHeaderView.swift in Sources */ = {isa = PBXBuildFile; fileRef = EB7D93CD2A5340C0002AAD11 /* MeetingHeaderView.swift */; };
		EB7D93D02A534689002AAD11 /* MeetingFooterView.swift in Sources */ = {isa = PBXBuildFile; fileRef = EB7D93CF2A534689002AAD11 /* MeetingFooterView.swift */; };
		EB8E4CFA2A4CCB0B002B4258 /* Theme.swift in Sources */ = {isa = PBXBuildFile; fileRef = EB8E4CF92A4CCB0B002B4258 /* Theme.swift */; };
		EB8E4D012A4CCCFC002B4258 /* Preview Assets.xcassets in Resources */ = {isa = PBXBuildFile; fileRef = EB8E4D002A4CCCFC002B4258 /* Preview Assets.xcassets */; };
		EB8E4D032A4CCDA9002B4258 /* DailyScrum.swift in Sources */ = {isa = PBXBuildFile; fileRef = EB8E4D022A4CCDA9002B4258 /* DailyScrum.swift */; };
		EB8E4D052A4CCF3A002B4258 /* CardView.swift in Sources */ = {isa = PBXBuildFile; fileRef = EB8E4D042A4CCF3A002B4258 /* CardView.swift */; };
		EB8E4D072A4CD53F002B4258 /* TrailingIconLabelStyle.swift in Sources */ = {isa = PBXBuildFile; fileRef = EB8E4D062A4CD53F002B4258 /* TrailingIconLabelStyle.swift */; };
		EBA19F302A4E4C4900F082BF /* DetailView.swift in Sources */ = {isa = PBXBuildFile; fileRef = EBA19F2F2A4E4C4900F082BF /* DetailView.swift */; };
		EBA19F322A5264F500F082BF /* DetailEditView.swift in Sources */ = {isa = PBXBuildFile; fileRef = EBA19F312A5264F500F082BF /* DetailEditView.swift */; };
		EBA19F342A527CCA00F082BF /* ThemeView.swift in Sources */ = {isa = PBXBuildFile; fileRef = EBA19F332A527CCA00F082BF /* ThemeView.swift */; };
		EBA19F362A527EEC00F082BF /* ThemePicker.swift in Sources */ = {isa = PBXBuildFile; fileRef = EBA19F352A527EEC00F082BF /* ThemePicker.swift */; };
		EBABBF3C2A534A6F00FF8525 /* ding.wav in Resources */ = {isa = PBXBuildFile; fileRef = EBABBF3B2A534A6F00FF8525 /* ding.wav */; };
		EBABBF3E2A534A9F00FF8525 /* Assets.xcassets in Resources */ = {isa = PBXBuildFile; fileRef = EBABBF3D2A534A9F00FF8525 /* Assets.xcassets */; };
		EBE7ED0D2A4CB3A500044F2B /* ScrumdingerApp.swift in Sources */ = {isa = PBXBuildFile; fileRef = EBE7ED0C2A4CB3A500044F2B /* ScrumdingerApp.swift */; };
		EBE7ED0F2A4CB3A500044F2B /* MeetingView.swift in Sources */ = {isa = PBXBuildFile; fileRef = EBE7ED0E2A4CB3A500044F2B /* MeetingView.swift */; };
/* End PBXBuildFile section */

/* Begin PBXFileReference section */
		EB48CF402A53594100C683A8 /* NewScrumSheet.swift */ = {isa = PBXFileReference; lastKnownFileType = sourcecode.swift; path = NewScrumSheet.swift; sourceTree = "<group>"; };
		EB48CF422A535C6600C683A8 /* History.swift */ = {isa = PBXFileReference; lastKnownFileType = sourcecode.swift; path = History.swift; sourceTree = "<group>"; };
		EB6052002A4D056B0002909B /* ScrumsView.swift */ = {isa = PBXFileReference; lastKnownFileType = sourcecode.swift; path = ScrumsView.swift; sourceTree = "<group>"; };
		EB7D93C72A533E65002AAD11 /* ScrumProgressViewStyle.swift */ = {isa = PBXFileReference; fileEncoding = 4; lastKnownFileType = sourcecode.swift; path = ScrumProgressViewStyle.swift; sourceTree = "<group>"; };
		EB7D93C92A533E8D002AAD11 /* ScrumTimer.swift */ = {isa = PBXFileReference; fileEncoding = 4; lastKnownFileType = sourcecode.swift; path = ScrumTimer.swift; sourceTree = "<group>"; };
		EB7D93CB2A533EA4002AAD11 /* AVPlayer+Ding.swift */ = {isa = PBXFileReference; fileEncoding = 4; lastKnownFileType = sourcecode.swift; path = "AVPlayer+Ding.swift"; sourceTree = "<group>"; };
		EB7D93CD2A5340C0002AAD11 /* MeetingHeaderView.swift */ = {isa = PBXFileReference; lastKnownFileType = sourcecode.swift; path = MeetingHeaderView.swift; sourceTree = "<group>"; };
		EB7D93CF2A534689002AAD11 /* MeetingFooterView.swift */ = {isa = PBXFileReference; lastKnownFileType = sourcecode.swift; path = MeetingFooterView.swift; sourceTree = "<group>"; };
		EB8E4CF92A4CCB0B002B4258 /* Theme.swift */ = {isa = PBXFileReference; lastKnownFileType = sourcecode.swift; path = Theme.swift; sourceTree = "<group>"; };
		EB8E4D002A4CCCFC002B4258 /* Preview Assets.xcassets */ = {isa = PBXFileReference; lastKnownFileType = folder.assetcatalog; path = "Preview Assets.xcassets"; sourceTree = "<group>"; };
		EB8E4D022A4CCDA9002B4258 /* DailyScrum.swift */ = {isa = PBXFileReference; lastKnownFileType = sourcecode.swift; path = DailyScrum.swift; sourceTree = "<group>"; };
		EB8E4D042A4CCF3A002B4258 /* CardView.swift */ = {isa = PBXFileReference; lastKnownFileType = sourcecode.swift; path = CardView.swift; sourceTree = "<group>"; };
		EB8E4D062A4CD53F002B4258 /* TrailingIconLabelStyle.swift */ = {isa = PBXFileReference; lastKnownFileType = sourcecode.swift; path = TrailingIconLabelStyle.swift; sourceTree = "<group>"; };
		EBA19F2F2A4E4C4900F082BF /* DetailView.swift */ = {isa = PBXFileReference; lastKnownFileType = sourcecode.swift; path = DetailView.swift; sourceTree = "<group>"; };
		EBA19F312A5264F500F082BF /* DetailEditView.swift */ = {isa = PBXFileReference; lastKnownFileType = sourcecode.swift; path = DetailEditView.swift; sourceTree = "<group>"; };
		EBA19F332A527CCA00F082BF /* ThemeView.swift */ = {isa = PBXFileReference; lastKnownFileType = sourcecode.swift; path = ThemeView.swift; sourceTree = "<group>"; };
		EBA19F352A527EEC00F082BF /* ThemePicker.swift */ = {isa = PBXFileReference; lastKnownFileType = sourcecode.swift; path = ThemePicker.swift; sourceTree = "<group>"; };
		EBABBF3B2A534A6F00FF8525 /* ding.wav */ = {isa = PBXFileReference; lastKnownFileType = audio.wav; path = ding.wav; sourceTree = "<group>"; };
		EBABBF3D2A534A9F00FF8525 /* Assets.xcassets */ = {isa = PBXFileReference; lastKnownFileType = folder.assetcatalog; name = Assets.xcassets; path = "../../../../Downloads/ManagingStateAndLifeCycle-2/StartingProject/Scrumdinger/Assets.xcassets"; sourceTree = "<group>"; };
		EBE7ED092A4CB3A500044F2B /* Scrumdinger.app */ = {isa = PBXFileReference; explicitFileType = wrapper.application; includeInIndex = 0; path = Scrumdinger.app; sourceTree = BUILT_PRODUCTS_DIR; };
		EBE7ED0C2A4CB3A500044F2B /* ScrumdingerApp.swift */ = {isa = PBXFileReference; lastKnownFileType = sourcecode.swift; path = ScrumdingerApp.swift; sourceTree = "<group>"; };
		EBE7ED0E2A4CB3A500044F2B /* MeetingView.swift */ = {isa = PBXFileReference; lastKnownFileType = sourcecode.swift; path = MeetingView.swift; sourceTree = "<group>"; };
/* End PBXFileReference section */

/* Begin PBXFrameworksBuildPhase section */
		EBE7ED062A4CB3A500044F2B /* Frameworks */ = {
			isa = PBXFrameworksBuildPhase;
			buildActionMask = 2147483647;
			files = (
			);
			runOnlyForDeploymentPostprocessing = 0;
		};
/* End PBXFrameworksBuildPhase section */

/* Begin PBXGroup section */
		EB8E4CF82A4CCAE9002B4258 /* Models */ = {
			isa = PBXGroup;
			children = (
				EB7D93CB2A533EA4002AAD11 /* AVPlayer+Ding.swift */,
				EB7D93C92A533E8D002AAD11 /* ScrumTimer.swift */,
				EB8E4CF92A4CCB0B002B4258 /* Theme.swift */,
				EB8E4D022A4CCDA9002B4258 /* DailyScrum.swift */,
				EB48CF422A535C6600C683A8 /* History.swift */,
			);
			path = Models;
			sourceTree = "<group>";
		};
		EB8E4CFF2A4CCCFC002B4258 /* Preview Content */ = {
			isa = PBXGroup;
			children = (
				EB8E4D002A4CCCFC002B4258 /* Preview Assets.xcassets */,
			);
			path = "Preview Content";
			sourceTree = "<group>";
		};
		EB8E4D082A4D04E1002B4258 /* Views */ = {
			isa = PBXGroup;
			children = (
				EB7D93C72A533E65002AAD11 /* ScrumProgressViewStyle.swift */,
				EB8E4D062A4CD53F002B4258 /* TrailingIconLabelStyle.swift */,
				EB8E4D042A4CCF3A002B4258 /* CardView.swift */,
				EBE7ED0E2A4CB3A500044F2B /* MeetingView.swift */,
				EB6052002A4D056B0002909B /* ScrumsView.swift */,
				EBA19F2F2A4E4C4900F082BF /* DetailView.swift */,
				EBA19F312A5264F500F082BF /* DetailEditView.swift */,
				EBA19F332A527CCA00F082BF /* ThemeView.swift */,
				EBA19F352A527EEC00F082BF /* ThemePicker.swift */,
				EB7D93CD2A5340C0002AAD11 /* MeetingHeaderView.swift */,
				EB7D93CF2A534689002AAD11 /* MeetingFooterView.swift */,
				EB48CF402A53594100C683A8 /* NewScrumSheet.swift */,
			);
			path = Views;
			sourceTree = "<group>";
		};
		EBABBF3A2A534A6F00FF8525 /* Resources */ = {
			isa = PBXGroup;
			children = (
				EBABBF3B2A534A6F00FF8525 /* ding.wav */,
			);
			path = Resources;
			sourceTree = "<group>";
		};
		EBE7ED002A4CB3A500044F2B = {
			isa = PBXGroup;
			children = (
				EBE7ED0B2A4CB3A500044F2B /* Scrumdinger */,
				EBE7ED0A2A4CB3A500044F2B /* Products */,
			);
			sourceTree = "<group>";
		};
		EBE7ED0A2A4CB3A500044F2B /* Products */ = {
			isa = PBXGroup;
			children = (
				EBE7ED092A4CB3A500044F2B /* Scrumdinger.app */,
			);
			name = Products;
			sourceTree = "<group>";
		};
		EBE7ED0B2A4CB3A500044F2B /* Scrumdinger */ = {
			isa = PBXGroup;
			children = (
				EBABBF3A2A534A6F00FF8525 /* Resources */,
				EB8E4CF82A4CCAE9002B4258 /* Models */,
				EBE7ED0C2A4CB3A500044F2B /* ScrumdingerApp.swift */,
				EB8E4D082A4D04E1002B4258 /* Views */,
				EBABBF3D2A534A9F00FF8525 /* Assets.xcassets */,
				EB8E4CFF2A4CCCFC002B4258 /* Preview Content */,
			);
			path = Scrumdinger;
			sourceTree = "<group>";
		};
/* End PBXGroup section */

/* Begin PBXNativeTarget section */
		EBE7ED082A4CB3A500044F2B /* Scrumdinger */ = {
			isa = PBXNativeTarget;
			buildConfigurationList = EBE7ED172A4CB3A600044F2B /* Build configuration list for PBXNativeTarget "Scrumdinger" */;
			buildPhases = (
				EBE7ED052A4CB3A500044F2B /* Sources */,
				EBE7ED062A4CB3A500044F2B /* Frameworks */,
				EBE7ED072A4CB3A500044F2B /* Resources */,
			);
			buildRules = (
			);
			dependencies = (
			);
			name = Scrumdinger;
			productName = Scrumdinger;
			productReference = EBE7ED092A4CB3A500044F2B /* Scrumdinger.app */;
			productType = "com.apple.product-type.application";
		};
/* End PBXNativeTarget section */

/* Begin PBXProject section */
		EBE7ED012A4CB3A500044F2B /* Project object */ = {
			isa = PBXProject;
			attributes = {
				BuildIndependentTargetsInParallel = 1;
				LastSwiftUpdateCheck = 1430;
				LastUpgradeCheck = 1430;
				TargetAttributes = {
					EBE7ED082A4CB3A500044F2B = {
						CreatedOnToolsVersion = 14.3.1;
					};
				};
			};
			buildConfigurationList = EBE7ED042A4CB3A500044F2B /* Build configuration list for PBXProject "Scrumdinger" */;
			compatibilityVersion = "Xcode 14.0";
			developmentRegion = en;
			hasScannedForEncodings = 0;
			knownRegions = (
				en,
				Base,
			);
			mainGroup = EBE7ED002A4CB3A500044F2B;
			productRefGroup = EBE7ED0A2A4CB3A500044F2B /* Products */;
			projectDirPath = "";
			projectRoot = "";
			targets = (
				EBE7ED082A4CB3A500044F2B /* Scrumdinger */,
			);
		};
/* End PBXProject section */

/* Begin PBXResourcesBuildPhase section */
		EBE7ED072A4CB3A500044F2B /* Resources */ = {
			isa = PBXResourcesBuildPhase;
			buildActionMask = 2147483647;
			files = (
				EB8E4D012A4CCCFC002B4258 /* Preview Assets.xcassets in Resources */,
				EBABBF3C2A534A6F00FF8525 /* ding.wav in Resources */,
				EBABBF3E2A534A9F00FF8525 /* Assets.xcassets in Resources */,
			);
			runOnlyForDeploymentPostprocessing = 0;
		};
/* End PBXResourcesBuildPhase section */

/* Begin PBXSourcesBuildPhase section */
		EBE7ED052A4CB3A500044F2B /* Sources */ = {
			isa = PBXSourcesBuildPhase;
			buildActionMask = 2147483647;
			files = (
				EB48CF432A535C6600C683A8 /* History.swift in Sources */,
				EBA19F362A527EEC00F082BF /* ThemePicker.swift in Sources */,
				EB8E4D032A4CCDA9002B4258 /* DailyScrum.swift in Sources */,
				EB7D93C82A533E65002AAD11 /* ScrumProgressViewStyle.swift in Sources */,
				EBA19F302A4E4C4900F082BF /* DetailView.swift in Sources */,
				EBA19F322A5264F500F082BF /* DetailEditView.swift in Sources */,
				EB7D93D02A534689002AAD11 /* MeetingFooterView.swift in Sources */,
				EB8E4D072A4CD53F002B4258 /* TrailingIconLabelStyle.swift in Sources */,
				EB8E4CFA2A4CCB0B002B4258 /* Theme.swift in Sources */,
				EB48CF412A53594100C683A8 /* NewScrumSheet.swift in Sources */,
				EB6052012A4D056B0002909B /* ScrumsView.swift in Sources */,
				EBE7ED0F2A4CB3A500044F2B /* MeetingView.swift in Sources */,
				EB7D93CE2A5340C0002AAD11 /* MeetingHeaderView.swift in Sources */,
				EB7D93CC2A533EA4002AAD11 /* AVPlayer+Ding.swift in Sources */,
				EBE7ED0D2A4CB3A500044F2B /* ScrumdingerApp.swift in Sources */,
				EBA19F342A527CCA00F082BF /* ThemeView.swift in Sources */,
				EB8E4D052A4CCF3A002B4258 /* CardView.swift in Sources */,
				EB7D93CA2A533E8D002AAD11 /* ScrumTimer.swift in Sources */,
			);
			runOnlyForDeploymentPostprocessing = 0;
		};
/* End PBXSourcesBuildPhase section */

/* Begin XCBuildConfiguration section */
		EBE7ED152A4CB3A600044F2B /* Debug */ = {
			isa = XCBuildConfiguration;
			buildSettings = {
				ALWAYS_SEARCH_USER_PATHS = NO;
				CLANG_ANALYZER_NONNULL = YES;
				CLANG_ANALYZER_NUMBER_OBJECT_CONVERSION = YES_AGGRESSIVE;
				CLANG_CXX_LANGUAGE_STANDARD = "gnu++20";
				CLANG_ENABLE_MODULES = YES;
				CLANG_ENABLE_OBJC_ARC = YES;
				CLANG_ENABLE_OBJC_WEAK = YES;
				CLANG_WARN_BLOCK_CAPTURE_AUTORELEASING = YES;
				CLANG_WARN_BOOL_CONVERSION = YES;
				CLANG_WARN_COMMA = YES;
				CLANG_WARN_CONSTANT_CONVERSION = YES;
				CLANG_WARN_DEPRECATED_OBJC_IMPLEMENTATIONS = YES;
				CLANG_WARN_DIRECT_OBJC_ISA_USAGE = YES_ERROR;
				CLANG_WARN_DOCUMENTATION_COMMENTS = YES;
				CLANG_WARN_EMPTY_BODY = YES;
				CLANG_WARN_ENUM_CONVERSION = YES;
				CLANG_WARN_INFINITE_RECURSION = YES;
				CLANG_WARN_INT_CONVERSION = YES;
				CLANG_WARN_NON_LITERAL_NULL_CONVERSION = YES;
				CLANG_WARN_OBJC_IMPLICIT_RETAIN_SELF = YES;
				CLANG_WARN_OBJC_LITERAL_CONVERSION = YES;
				CLANG_WARN_OBJC_ROOT_CLASS = YES_ERROR;
				CLANG_WARN_QUOTED_INCLUDE_IN_FRAMEWORK_HEADER = YES;
				CLANG_WARN_RANGE_LOOP_ANALYSIS = YES;
				CLANG_WARN_STRICT_PROTOTYPES = YES;
				CLANG_WARN_SUSPICIOUS_MOVE = YES;
				CLANG_WARN_UNGUARDED_AVAILABILITY = YES_AGGRESSIVE;
				CLANG_WARN_UNREACHABLE_CODE = YES;
				CLANG_WARN__DUPLICATE_METHOD_MATCH = YES;
				COPY_PHASE_STRIP = NO;
				DEBUG_INFORMATION_FORMAT = dwarf;
				ENABLE_STRICT_OBJC_MSGSEND = YES;
				ENABLE_TESTABILITY = YES;
				GCC_C_LANGUAGE_STANDARD = gnu11;
				GCC_DYNAMIC_NO_PIC = NO;
				GCC_NO_COMMON_BLOCKS = YES;
				GCC_OPTIMIZATION_LEVEL = 0;
				GCC_PREPROCESSOR_DEFINITIONS = (
					"DEBUG=1",
					"$(inherited)",
				);
				GCC_WARN_64_TO_32_BIT_CONVERSION = YES;
				GCC_WARN_ABOUT_RETURN_TYPE = YES_ERROR;
				GCC_WARN_UNDECLARED_SELECTOR = YES;
				GCC_WARN_UNINITIALIZED_AUTOS = YES_AGGRESSIVE;
				GCC_WARN_UNUSED_FUNCTION = YES;
				GCC_WARN_UNUSED_VARIABLE = YES;
				IPHONEOS_DEPLOYMENT_TARGET = 16.4;
				MTL_ENABLE_DEBUG_INFO = INCLUDE_SOURCE;
				MTL_FAST_MATH = YES;
				ONLY_ACTIVE_ARCH = YES;
				SDKROOT = iphoneos;
				SWIFT_ACTIVE_COMPILATION_CONDITIONS = DEBUG;
				SWIFT_OPTIMIZATION_LEVEL = "-Onone";
			};
			name = Debug;
		};
		EBE7ED162A4CB3A600044F2B /* Release */ = {
			isa = XCBuildConfiguration;
			buildSettings = {
				ALWAYS_SEARCH_USER_PATHS = NO;
				CLANG_ANALYZER_NONNULL = YES;
				CLANG_ANALYZER_NUMBER_OBJECT_CONVERSION = YES_AGGRESSIVE;
				CLANG_CXX_LANGUAGE_STANDARD = "gnu++20";
				CLANG_ENABLE_MODULES = YES;
				CLANG_ENABLE_OBJC_ARC = YES;
				CLANG_ENABLE_OBJC_WEAK = YES;
				CLANG_WARN_BLOCK_CAPTURE_AUTORELEASING = YES;
				CLANG_WARN_BOOL_CONVERSION = YES;
				CLANG_WARN_COMMA = YES;
				CLANG_WARN_CONSTANT_CONVERSION = YES;
				CLANG_WARN_DEPRECATED_OBJC_IMPLEMENTATIONS = YES;
				CLANG_WARN_DIRECT_OBJC_ISA_USAGE = YES_ERROR;
				CLANG_WARN_DOCUMENTATION_COMMENTS = YES;
				CLANG_WARN_EMPTY_BODY = YES;
				CLANG_WARN_ENUM_CONVERSION = YES;
				CLANG_WARN_INFINITE_RECURSION = YES;
				CLANG_WARN_INT_CONVERSION = YES;
				CLANG_WARN_NON_LITERAL_NULL_CONVERSION = YES;
				CLANG_WARN_OBJC_IMPLICIT_RETAIN_SELF = YES;
				CLANG_WARN_OBJC_LITERAL_CONVERSION = YES;
				CLANG_WARN_OBJC_ROOT_CLASS = YES_ERROR;
				CLANG_WARN_QUOTED_INCLUDE_IN_FRAMEWORK_HEADER = YES;
				CLANG_WARN_RANGE_LOOP_ANALYSIS = YES;
				CLANG_WARN_STRICT_PROTOTYPES = YES;
				CLANG_WARN_SUSPICIOUS_MOVE = YES;
				CLANG_WARN_UNGUARDED_AVAILABILITY = YES_AGGRESSIVE;
				CLANG_WARN_UNREACHABLE_CODE = YES;
				CLANG_WARN__DUPLICATE_METHOD_MATCH = YES;
				COPY_PHASE_STRIP = NO;
				DEBUG_INFORMATION_FORMAT = "dwarf-with-dsym";
				ENABLE_NS_ASSERTIONS = NO;
				ENABLE_STRICT_OBJC_MSGSEND = YES;
				GCC_C_LANGUAGE_STANDARD = gnu11;
				GCC_NO_COMMON_BLOCKS = YES;
				GCC_WARN_64_TO_32_BIT_CONVERSION = YES;
				GCC_WARN_ABOUT_RETURN_TYPE = YES_ERROR;
				GCC_WARN_UNDECLARED_SELECTOR = YES;
				GCC_WARN_UNINITIALIZED_AUTOS = YES_AGGRESSIVE;
				GCC_WARN_UNUSED_FUNCTION = YES;
				GCC_WARN_UNUSED_VARIABLE = YES;
				IPHONEOS_DEPLOYMENT_TARGET = 16.4;
				MTL_ENABLE_DEBUG_INFO = NO;
				MTL_FAST_MATH = YES;
				SDKROOT = iphoneos;
				SWIFT_COMPILATION_MODE = wholemodule;
				SWIFT_OPTIMIZATION_LEVEL = "-O";
				VALIDATE_PRODUCT = YES;
			};
			name = Release;
		};
		EBE7ED182A4CB3A600044F2B /* Debug */ = {
			isa = XCBuildConfiguration;
			buildSettings = {
				ASSETCATALOG_COMPILER_APPICON_NAME = AppIcon;
				ASSETCATALOG_COMPILER_GLOBAL_ACCENT_COLOR_NAME = AccentColor;
				CODE_SIGN_STYLE = Automatic;
				CURRENT_PROJECT_VERSION = 1;
				DEVELOPMENT_ASSET_PATHS = "\"Scrumdinger/Preview Content\"";
				DEVELOPMENT_TEAM = MR82WX79L7;
				ENABLE_PREVIEWS = YES;
				GENERATE_INFOPLIST_FILE = YES;
				INFOPLIST_KEY_UIApplicationSceneManifest_Generation = YES;
				INFOPLIST_KEY_UIApplicationSupportsIndirectInputEvents = YES;
				INFOPLIST_KEY_UILaunchScreen_Generation = YES;
				INFOPLIST_KEY_UISupportedInterfaceOrientations_iPad = "UIInterfaceOrientationPortrait UIInterfaceOrientationPortraitUpsideDown UIInterfaceOrientationLandscapeLeft UIInterfaceOrientationLandscapeRight";
				INFOPLIST_KEY_UISupportedInterfaceOrientations_iPhone = "UIInterfaceOrientationPortrait UIInterfaceOrientationLandscapeLeft UIInterfaceOrientationLandscapeRight";
				LD_RUNPATH_SEARCH_PATHS = (
					"$(inherited)",
					"@executable_path/Frameworks",
				);
				MARKETING_VERSION = 1.0;
				PRODUCT_BUNDLE_IDENTIFIER = com.CuriousR.Scrumdinger;
				PRODUCT_NAME = "$(TARGET_NAME)";
				SWIFT_EMIT_LOC_STRINGS = YES;
				SWIFT_VERSION = 5.0;
				TARGETED_DEVICE_FAMILY = "1,2";
			};
			name = Debug;
		};
		EBE7ED192A4CB3A600044F2B /* Release */ = {
			isa = XCBuildConfiguration;
			buildSettings = {
				ASSETCATALOG_COMPILER_APPICON_NAME = AppIcon;
				ASSETCATALOG_COMPILER_GLOBAL_ACCENT_COLOR_NAME = AccentColor;
				CODE_SIGN_STYLE = Automatic;
				CURRENT_PROJECT_VERSION = 1;
				DEVELOPMENT_ASSET_PATHS = "\"Scrumdinger/Preview Content\"";
				DEVELOPMENT_TEAM = MR82WX79L7;
				ENABLE_PREVIEWS = YES;
				GENERATE_INFOPLIST_FILE = YES;
				INFOPLIST_KEY_UIApplicationSceneManifest_Generation = YES;
				INFOPLIST_KEY_UIApplicationSupportsIndirectInputEvents = YES;
				INFOPLIST_KEY_UILaunchScreen_Generation = YES;
				INFOPLIST_KEY_UISupportedInterfaceOrientations_iPad = "UIInterfaceOrientationPortrait UIInterfaceOrientationPortraitUpsideDown UIInterfaceOrientationLandscapeLeft UIInterfaceOrientationLandscapeRight";
				INFOPLIST_KEY_UISupportedInterfaceOrientations_iPhone = "UIInterfaceOrientationPortrait UIInterfaceOrientationLandscapeLeft UIInterfaceOrientationLandscapeRight";
				LD_RUNPATH_SEARCH_PATHS = (
					"$(inherited)",
					"@executable_path/Frameworks",
				);
				MARKETING_VERSION = 1.0;
				PRODUCT_BUNDLE_IDENTIFIER = com.CuriousR.Scrumdinger;
				PRODUCT_NAME = "$(TARGET_NAME)";
				SWIFT_EMIT_LOC_STRINGS = YES;
				SWIFT_VERSION = 5.0;
				TARGETED_DEVICE_FAMILY = "1,2";
			};
			name = Release;
		};
/* End XCBuildConfiguration section */

/* Begin XCConfigurationList section */
		EBE7ED042A4CB3A500044F2B /* Build configuration list for PBXProject "Scrumdinger" */ = {
			isa = XCConfigurationList;
			buildConfigurations = (
				EBE7ED152A4CB3A600044F2B /* Debug */,
				EBE7ED162A4CB3A600044F2B /* Release */,
			);
			defaultConfigurationIsVisible = 0;
			defaultConfigurationName = Release;
		};
		EBE7ED172A4CB3A600044F2B /* Build configuration list for PBXNativeTarget "Scrumdinger" */ = {
			isa = XCConfigurationList;
			buildConfigurations = (
				EBE7ED182A4CB3A600044F2B /* Debug */,
				EBE7ED192A4CB3A600044F2B /* Release */,
			);
			defaultConfigurationIsVisible = 0;
			defaultConfigurationName = Release;
		};
/* End XCConfigurationList section */
	};
	rootObject = EBE7ED012A4CB3A500044F2B /* Project object */;
}
